
Microsoft Visual Studio Solution File, Format Version 12.00
# Visual Studio Version 17
VisualStudioVersion = 17.13.35913.81
MinimumVisualStudioVersion = 10.0.40219.1
Project("{2150E333-8FDC-42A3-9474-1A3956D46DE8}") = "Services", "Services", "{02EA681E-C7D8-13C7-8484-4AC65E1B71E8}"
EndProject
Project("{2150E333-8FDC-42A3-9474-1A3956D46DE8}") = "Catalog", "Catalog", "{14873C5D-9AF4-4B94-92AC-BB1C9D72AB34}"
EndProject
Project("{FAE04EC0-301F-11D3-BF4B-00C04F79EFBC}") = "Multishop.Catalog", "Services\Catalog\Multishop.Catalog\Multishop.Catalog.csproj", "{FFA18518-11CD-4E51-AF30-32DD65802E80}"
EndProject
Project("{2150E333-8FDC-42A3-9474-1A3956D46DE8}") = "Discount", "Discount", "{697AA501-5BED-4ECC-B06D-CF0A8C34D69B}"
EndProject
Project("{FAE04EC0-301F-11D3-BF4B-00C04F79EFBC}") = "MultiShop.Discount", "Services\Discount\MultiShop.Discount\MultiShop.Discount.csproj", "{94AD1303-58AF-42C4-B687-03963AB30CB1}"
EndProject
Global
	GlobalSection(SolutionConfigurationPlatforms) = preSolution
		Debug|Any CPU = Debug|Any CPU
		Release|Any CPU = Release|Any CPU
	EndGlobalSection
	GlobalSection(ProjectConfigurationPlatforms) = postSolution
		{FFA18518-11CD-4E51-AF30-32DD65802E80}.Debug|Any CPU.ActiveCfg = Debug|Any CPU
		{FFA18518-11CD-4E51-AF30-32DD65802E80}.Debug|Any CPU.Build.0 = Debug|Any CPU
		{FFA18518-11CD-4E51-AF30-32DD65802E80}.Release|Any CPU.ActiveCfg = Release|Any CPU
		{FFA18518-11CD-4E51-AF30-32DD65802E80}.Release|Any CPU.Build.0 = Release|Any CPU
		{94AD1303-58AF-42C4-B687-03963AB30CB1}.Debug|Any CPU.ActiveCfg = Debug|Any CPU
		{94AD1303-58AF-42C4-B687-03963AB30CB1}.Debug|Any CPU.Build.0 = Debug|Any CPU
		{94AD1303-58AF-42C4-B687-03963AB30CB1}.Release|Any CPU.ActiveCfg = Release|Any CPU
		{94AD1303-58AF-42C4-B687-03963AB30CB1}.Release|Any CPU.Build.0 = Release|Any CPU
	EndGlobalSection
	GlobalSection(SolutionProperties) = preSolution
		HideSolutionNode = FALSE
	EndGlobalSection
	GlobalSection(NestedProjects) = preSolution
		{14873C5D-9AF4-4B94-92AC-BB1C9D72AB34} = {02EA681E-C7D8-13C7-8484-4AC65E1B71E8}
		{FFA18518-11CD-4E51-AF30-32DD65802E80} = {14873C5D-9AF4-4B94-92AC-BB1C9D72AB34}
		{94AD1303-58AF-42C4-B687-03963AB30CB1} = {697AA501-5BED-4ECC-B06D-CF0A8C34D69B}
	EndGlobalSection
	GlobalSection(ExtensibilityGlobals) = postSolution
		SolutionGuid = {FAA8B411-4E19-4B66-8686-272F7BE597DD}
	EndGlobalSection
EndGlobal
